
Microsoft Visual Studio Solution File, Format Version 12.00
# Visual Studio Version 17
VisualStudioVersion = 17.9.34622.214
MinimumVisualStudioVersion = 10.0.40219.1
Project("{FAE04EC0-301F-11D3-BF4B-00C04F79EFBC}") = "RSpeedTest", "RSpeedTest\RSpeedTest.csproj", "{B1886B34-0DE4-4C16-8073-CC12E7571D58}"
EndProject
Project("{FAE04EC0-301F-11D3-BF4B-00C04F79EFBC}") = "RSpeedTest.Tests", "RSpeedTest.Tests\RSpeedTest.Tests.csproj", "{33672FA6-5014-4BA0-B9A8-62CA932701C0}"
EndProject
Project("{FAE04EC0-301F-11D3-BF4B-00C04F79EFBC}") = "RSpeedTest.Client", "RSpeedTest.Client\RSpeedTest.Client.csproj", "{E82DE6B4-CD53-4B05-97D7-6C490F4F64A7}"
EndProject
Global
	GlobalSection(SolutionConfigurationPlatforms) = preSolution
		Debug|Any CPU = Debug|Any CPU
		Release|Any CPU = Release|Any CPU
	EndGlobalSection
	GlobalSection(ProjectConfigurationPlatforms) = postSolution
		{B1886B34-0DE4-4C16-8073-CC12E7571D58}.Debug|Any CPU.ActiveCfg = Debug|Any CPU
		{B1886B34-0DE4-4C16-8073-CC12E7571D58}.Debug|Any CPU.Build.0 = Debug|Any CPU
		{B1886B34-0DE4-4C16-8073-CC12E7571D58}.Release|Any CPU.ActiveCfg = Release|Any CPU
		{B1886B34-0DE4-4C16-8073-CC12E7571D58}.Release|Any CPU.Build.0 = Release|Any CPU
		{33672FA6-5014-4BA0-B9A8-62CA932701C0}.Debug|Any CPU.ActiveCfg = Debug|Any CPU
		{33672FA6-5014-4BA0-B9A8-62CA932701C0}.Debug|Any CPU.Build.0 = Debug|Any CPU
		{33672FA6-5014-4BA0-B9A8-62CA932701C0}.Release|Any CPU.ActiveCfg = Release|Any CPU
		{33672FA6-5014-4BA0-B9A8-62CA932701C0}.Release|Any CPU.Build.0 = Release|Any CPU
		{E82DE6B4-CD53-4B05-97D7-6C490F4F64A7}.Debug|Any CPU.ActiveCfg = Debug|Any CPU
		{E82DE6B4-CD53-4B05-97D7-6C490F4F64A7}.Debug|Any CPU.Build.0 = Debug|Any CPU
		{E82DE6B4-CD53-4B05-97D7-6C490F4F64A7}.Release|Any CPU.ActiveCfg = Release|Any CPU
		{E82DE6B4-CD53-4B05-97D7-6C490F4F64A7}.Release|Any CPU.Build.0 = Release|Any CPU
	EndGlobalSection
	GlobalSection(SolutionProperties) = preSolution
		HideSolutionNode = FALSE
	EndGlobalSection
EndGlobal
